
Microsoft Visual Studio Solution File, Format Version 12.00
# Visual Studio 14
VisualStudioVersion = 14.0.23107.0
MinimumVisualStudioVersion = 10.0.40219.1
Project("{FAE04EC0-301F-11D3-BF4B-00C04F79EFBC}") = "EngineClass", "EngineClass\EngineClass.csproj", "{CD632A25-6EE2-4186-9DEB-E1A3603FBCFA}"
EndProject
Project("{FAE04EC0-301F-11D3-BF4B-00C04F79EFBC}") = "CarClass", "CarClass\CarClass.csproj", "{BF178A27-5264-4C90-8039-0EA61B3BE1B2}"
EndProject
Global
	GlobalSection(SolutionConfigurationPlatforms) = preSolution
		Debug|Any CPU = Debug|Any CPU
		Release|Any CPU = Release|Any CPU
	EndGlobalSection
	GlobalSection(ProjectConfigurationPlatforms) = postSolution
		{CD632A25-6EE2-4186-9DEB-E1A3603FBCFA}.Debug|Any CPU.ActiveCfg = Debug|Any CPU
		{CD632A25-6EE2-4186-9DEB-E1A3603FBCFA}.Debug|Any CPU.Build.0 = Debug|Any CPU
		{CD632A25-6EE2-4186-9DEB-E1A3603FBCFA}.Release|Any CPU.ActiveCfg = Release|Any CPU
		{CD632A25-6EE2-4186-9DEB-E1A3603FBCFA}.Release|Any CPU.Build.0 = Release|Any CPU
		{BF178A27-5264-4C90-8039-0EA61B3BE1B2}.Debug|Any CPU.ActiveCfg = Debug|Any CPU
		{BF178A27-5264-4C90-8039-0EA61B3BE1B2}.Debug|Any CPU.Build.0 = Debug|Any CPU
		{BF178A27-5264-4C90-8039-0EA61B3BE1B2}.Release|Any CPU.ActiveCfg = Release|Any CPU
		{BF178A27-5264-4C90-8039-0EA61B3BE1B2}.Release|Any CPU.Build.0 = Release|Any CPU
	EndGlobalSection
	GlobalSection(SolutionProperties) = preSolution
		HideSolutionNode = FALSE
	EndGlobalSection
EndGlobal
